// !$*UTF8*$!
{
	archiveVersion = 1;
	classes = {
	};
	objectVersion = 46;
	objects = {

/* Begin PBXBuildFile section */
		4DCE3E161D2CD5A900584DCB /* main.m in Sources */ = {isa = PBXBuildFile; fileRef = 4DCE3E151D2CD5A900584DCB /* main.m */; };
		4DCE3E191D2CD5A900584DCB /* AppDelegate.m in Sources */ = {isa = PBXBuildFile; fileRef = 4DCE3E181D2CD5A900584DCB /* AppDelegate.m */; };
		4DCE3E1C1D2CD5A900584DCB /* ViewController.m in Sources */ = {isa = PBXBuildFile; fileRef = 4DCE3E1B1D2CD5A900584DCB /* ViewController.m */; };
		4DCE3E1F1D2CD5A900584DCB /* Main.storyboard in Resources */ = {isa = PBXBuildFile; fileRef = 4DCE3E1D1D2CD5A900584DCB /* Main.storyboard */; };
		4DCE3E221D2CD5A900584DCB /* data.xcdatamodeld in Sources */ = {isa = PBXBuildFile; fileRef = 4DCE3E201D2CD5A900584DCB /* data.xcdatamodeld */; };
		4DCE3E241D2CD5A900584DCB /* Assets.xcassets in Resources */ = {isa = PBXBuildFile; fileRef = 4DCE3E231D2CD5A900584DCB /* Assets.xcassets */; };
		4DCE3E271D2CD5A900584DCB /* LaunchScreen.storyboard in Resources */ = {isa = PBXBuildFile; fileRef = 4DCE3E251D2CD5A900584DCB /* LaunchScreen.storyboard */; };
		4DCE3E3A1D2CD8B000584DCB /* FMDatabase.m in Sources */ = {isa = PBXBuildFile; fileRef = 4DCE3E301D2CD8B000584DCB /* FMDatabase.m */; };
		4DCE3E3B1D2CD8B000584DCB /* FMDatabaseAdditions.m in Sources */ = {isa = PBXBuildFile; fileRef = 4DCE3E321D2CD8B000584DCB /* FMDatabaseAdditions.m */; };
		4DCE3E3C1D2CD8B000584DCB /* FMDatabasePool.m in Sources */ = {isa = PBXBuildFile; fileRef = 4DCE3E341D2CD8B000584DCB /* FMDatabasePool.m */; };
		4DCE3E3D1D2CD8B000584DCB /* FMDatabaseQueue.m in Sources */ = {isa = PBXBuildFile; fileRef = 4DCE3E361D2CD8B000584DCB /* FMDatabaseQueue.m */; };
		4DCE3E3E1D2CD8B000584DCB /* FMResultSet.m in Sources */ = {isa = PBXBuildFile; fileRef = 4DCE3E391D2CD8B000584DCB /* FMResultSet.m */; };
		4DCE3E411D2CD8C300584DCB /* DataTool.m in Sources */ = {isa = PBXBuildFile; fileRef = 4DCE3E401D2CD8C300584DCB /* DataTool.m */; };
		4DCE3E441D2CE30200584DCB /* PandianParam.m in Sources */ = {isa = PBXBuildFile; fileRef = 4DCE3E431D2CE30200584DCB /* PandianParam.m */; };
		4DCE3E461D2CEB9800584DCB /* libsqlite3.tbd in Frameworks */ = {isa = PBXBuildFile; fileRef = 4DCE3E451D2CEB9800584DCB /* libsqlite3.tbd */; };
/* End PBXBuildFile section */

/* Begin PBXFileReference section */
		4DCE3E111D2CD5A900584DCB /* data.app */ = {isa = PBXFileReference; explicitFileType = wrapper.application; includeInIndex = 0; path = data.app; sourceTree = BUILT_PRODUCTS_DIR; };
		4DCE3E151D2CD5A900584DCB /* main.m */ = {isa = PBXFileReference; lastKnownFileType = sourcecode.c.objc; path = main.m; sourceTree = "<group>"; };
		4DCE3E171D2CD5A900584DCB /* AppDelegate.h */ = {isa = PBXFileReference; lastKnownFileType = sourcecode.c.h; path = AppDelegate.h; sourceTree = "<group>"; };
		4DCE3E181D2CD5A900584DCB /* AppDelegate.m */ = {isa = PBXFileReference; lastKnownFileType = sourcecode.c.objc; path = AppDelegate.m; sourceTree = "<group>"; };
		4DCE3E1A1D2CD5A900584DCB /* ViewController.h */ = {isa = PBXFileReference; lastKnownFileType = sourcecode.c.h; path = ViewController.h; sourceTree = "<group>"; };
		4DCE3E1B1D2CD5A900584DCB /* ViewController.m */ = {isa = PBXFileReference; lastKnownFileType = sourcecode.c.objc; path = ViewController.m; sourceTree = "<group>"; };
		4DCE3E1E1D2CD5A900584DCB /* Base */ = {isa = PBXFileReference; lastKnownFileType = file.storyboard; name = Base; path = Base.lproj/Main.storyboard; sourceTree = "<group>"; };
		4DCE3E211D2CD5A900584DCB /* data.xcdatamodel */ = {isa = PBXFileReference; lastKnownFileType = wrapper.xcdatamodel; path = data.xcdatamodel; sourceTree = "<group>"; };
		4DCE3E231D2CD5A900584DCB /* Assets.xcassets */ = {isa = PBXFileReference; lastKnownFileType = folder.assetcatalog; path = Assets.xcassets; sourceTree = "<group>"; };
		4DCE3E261D2CD5A900584DCB /* Base */ = {isa = PBXFileReference; lastKnownFileType = file.storyboard; name = Base; path = Base.lproj/LaunchScreen.storyboard; sourceTree = "<group>"; };
		4DCE3E281D2CD5A900584DCB /* Info.plist */ = {isa = PBXFileReference; lastKnownFileType = text.plist.xml; path = Info.plist; sourceTree = "<group>"; };
		4DCE3E2F1D2CD8B000584DCB /* FMDatabase.h */ = {isa = PBXFileReference; fileEncoding = 4; lastKnownFileType = sourcecode.c.h; path = FMDatabase.h; sourceTree = "<group>"; };
		4DCE3E301D2CD8B000584DCB /* FMDatabase.m */ = {isa = PBXFileReference; fileEncoding = 4; lastKnownFileType = sourcecode.c.objc; path = FMDatabase.m; sourceTree = "<group>"; };
		4DCE3E311D2CD8B000584DCB /* FMDatabaseAdditions.h */ = {isa = PBXFileReference; fileEncoding = 4; lastKnownFileType = sourcecode.c.h; path = FMDatabaseAdditions.h; sourceTree = "<group>"; };
		4DCE3E321D2CD8B000584DCB /* FMDatabaseAdditions.m */ = {isa = PBXFileReference; fileEncoding = 4; lastKnownFileType = sourcecode.c.objc; path = FMDatabaseAdditions.m; sourceTree = "<group>"; };
		4DCE3E331D2CD8B000584DCB /* FMDatabasePool.h */ = {isa = PBXFileReference; fileEncoding = 4; lastKnownFileType = sourcecode.c.h; path = FMDatabasePool.h; sourceTree = "<group>"; };
		4DCE3E341D2CD8B000584DCB /* FMDatabasePool.m */ = {isa = PBXFileReference; fileEncoding = 4; lastKnownFileType = sourcecode.c.objc; path = FMDatabasePool.m; sourceTree = "<group>"; };
		4DCE3E351D2CD8B000584DCB /* FMDatabaseQueue.h */ = {isa = PBXFileReference; fileEncoding = 4; lastKnownFileType = sourcecode.c.h; path = FMDatabaseQueue.h; sourceTree = "<group>"; };
		4DCE3E361D2CD8B000584DCB /* FMDatabaseQueue.m */ = {isa = PBXFileReference; fileEncoding = 4; lastKnownFileType = sourcecode.c.objc; path = FMDatabaseQueue.m; sourceTree = "<group>"; };
		4DCE3E371D2CD8B000584DCB /* FMDB.h */ = {isa = PBXFileReference; fileEncoding = 4; lastKnownFileType = sourcecode.c.h; path = FMDB.h; sourceTree = "<group>"; };
		4DCE3E381D2CD8B000584DCB /* FMResultSet.h */ = {isa = PBXFileReference; fileEncoding = 4; lastKnownFileType = sourcecode.c.h; path = FMResultSet.h; sourceTree = "<group>"; };
		4DCE3E391D2CD8B000584DCB /* FMResultSet.m */ = {isa = PBXFileReference; fileEncoding = 4; lastKnownFileType = sourcecode.c.objc; path = FMResultSet.m; sourceTree = "<group>"; };
		4DCE3E3F1D2CD8C300584DCB /* DataTool.h */ = {isa = PBXFileReference; fileEncoding = 4; lastKnownFileType = sourcecode.c.h; path = DataTool.h; sourceTree = "<group>"; };
		4DCE3E401D2CD8C300584DCB /* DataTool.m */ = {isa = PBXFileReference; fileEncoding = 4; lastKnownFileType = sourcecode.c.objc; path = DataTool.m; sourceTree = "<group>"; };
		4DCE3E421D2CE30200584DCB /* PandianParam.h */ = {isa = PBXFileReference; fileEncoding = 4; lastKnownFileType = sourcecode.c.h; path = PandianParam.h; sourceTree = "<group>"; };
		4DCE3E431D2CE30200584DCB /* PandianParam.m */ = {isa = PBXFileReference; fileEncoding = 4; lastKnownFileType = sourcecode.c.objc; path = PandianParam.m; sourceTree = "<group>"; };
		4DCE3E451D2CEB9800584DCB /* libsqlite3.tbd */ = {isa = PBXFileReference; lastKnownFileType = "sourcecode.text-based-dylib-definition"; name = libsqlite3.tbd; path = usr/lib/libsqlite3.tbd; sourceTree = SDKROOT; };
/* End PBXFileReference section */

/* Begin PBXFrameworksBuildPhase section */
		4DCE3E0E1D2CD5A900584DCB /* Frameworks */ = {
			isa = PBXFrameworksBuildPhase;
			buildActionMask = 2147483647;
			files = (
				4DCE3E461D2CEB9800584DCB /* libsqlite3.tbd in Frameworks */,
			);
			runOnlyForDeploymentPostprocessing = 0;
		};
/* End PBXFrameworksBuildPhase section */

/* Begin PBXGroup section */
		4DCE3E081D2CD5A900584DCB = {
			isa = PBXGroup;
			children = (
				4DCE3E451D2CEB9800584DCB /* libsqlite3.tbd */,
				4DCE3E131D2CD5A900584DCB /* data */,
				4DCE3E121D2CD5A900584DCB /* Products */,
			);
			sourceTree = "<group>";
		};
		4DCE3E121D2CD5A900584DCB /* Products */ = {
			isa = PBXGroup;
			children = (
				4DCE3E111D2CD5A900584DCB /* data.app */,
			);
			name = Products;
			sourceTree = "<group>";
		};
		4DCE3E131D2CD5A900584DCB /* data */ = {
			isa = PBXGroup;
			children = (
				4DCE3E171D2CD5A900584DCB /* AppDelegate.h */,
				4DCE3E181D2CD5A900584DCB /* AppDelegate.m */,
				4DCE3E1A1D2CD5A900584DCB /* ViewController.h */,
				4DCE3E1B1D2CD5A900584DCB /* ViewController.m */,
				4DCE3E3F1D2CD8C300584DCB /* DataTool.h */,
				4DCE3E401D2CD8C300584DCB /* DataTool.m */,
				4DCE3E421D2CE30200584DCB /* PandianParam.h */,
				4DCE3E431D2CE30200584DCB /* PandianParam.m */,
				4DCE3E1D1D2CD5A900584DCB /* Main.storyboard */,
				4DCE3E2E1D2CD8B000584DCB /* fmdb */,
				4DCE3E231D2CD5A900584DCB /* Assets.xcassets */,
				4DCE3E251D2CD5A900584DCB /* LaunchScreen.storyboard */,
				4DCE3E281D2CD5A900584DCB /* Info.plist */,
				4DCE3E201D2CD5A900584DCB /* data.xcdatamodeld */,
				4DCE3E141D2CD5A900584DCB /* Supporting Files */,
			);
			path = data;
			sourceTree = "<group>";
		};
		4DCE3E141D2CD5A900584DCB /* Supporting Files */ = {
			isa = PBXGroup;
			children = (
				4DCE3E151D2CD5A900584DCB /* main.m */,
			);
			name = "Supporting Files";
			sourceTree = "<group>";
		};
		4DCE3E2E1D2CD8B000584DCB /* fmdb */ = {
			isa = PBXGroup;
			children = (
				4DCE3E2F1D2CD8B000584DCB /* FMDatabase.h */,
				4DCE3E301D2CD8B000584DCB /* FMDatabase.m */,
				4DCE3E311D2CD8B000584DCB /* FMDatabaseAdditions.h */,
				4DCE3E321D2CD8B000584DCB /* FMDatabaseAdditions.m */,
				4DCE3E331D2CD8B000584DCB /* FMDatabasePool.h */,
				4DCE3E341D2CD8B000584DCB /* FMDatabasePool.m */,
				4DCE3E351D2CD8B000584DCB /* FMDatabaseQueue.h */,
				4DCE3E361D2CD8B000584DCB /* FMDatabaseQueue.m */,
				4DCE3E371D2CD8B000584DCB /* FMDB.h */,
				4DCE3E381D2CD8B000584DCB /* FMResultSet.h */,
				4DCE3E391D2CD8B000584DCB /* FMResultSet.m */,
			);
			path = fmdb;
			sourceTree = "<group>";
		};
/* End PBXGroup section */

/* Begin PBXNativeTarget section */
		4DCE3E101D2CD5A900584DCB /* data */ = {
			isa = PBXNativeTarget;
			buildConfigurationList = 4DCE3E2B1D2CD5A900584DCB /* Build configuration list for PBXNativeTarget "data" */;
			buildPhases = (
				4DCE3E0D1D2CD5A900584DCB /* Sources */,
				4DCE3E0E1D2CD5A900584DCB /* Frameworks */,
				4DCE3E0F1D2CD5A900584DCB /* Resources */,
			);
			buildRules = (
			);
			dependencies = (
			);
			name = data;
			productName = data;
			productReference = 4DCE3E111D2CD5A900584DCB /* data.app */;
			productType = "com.apple.product-type.application";
		};
/* End PBXNativeTarget section */

/* Begin PBXProject section */
		4DCE3E091D2CD5A900584DCB /* Project object */ = {
			isa = PBXProject;
			attributes = {
				LastUpgradeCheck = 0720;
				ORGANIZATIONNAME = "com@angelwin";
				TargetAttributes = {
					4DCE3E101D2CD5A900584DCB = {
						CreatedOnToolsVersion = 7.2;
					};
				};
			};
			buildConfigurationList = 4DCE3E0C1D2CD5A900584DCB /* Build configuration list for PBXProject "data" */;
			compatibilityVersion = "Xcode 3.2";
			developmentRegion = English;
			hasScannedForEncodings = 0;
			knownRegions = (
				en,
				Base,
			);
			mainGroup = 4DCE3E081D2CD5A900584DCB;
			productRefGroup = 4DCE3E121D2CD5A900584DCB /* Products */;
			projectDirPath = "";
			projectRoot = "";
			targets = (
				4DCE3E101D2CD5A900584DCB /* data */,
			);
		};
/* End PBXProject section */

/* Begin PBXResourcesBuildPhase section */
		4DCE3E0F1D2CD5A900584DCB /* Resources */ = {
			isa = PBXResourcesBuildPhase;
			buildActionMask = 2147483647;
			files = (
				4DCE3E271D2CD5A900584DCB /* LaunchScreen.storyboard in Resources */,
				4DCE3E241D2CD5A900584DCB /* Assets.xcassets in Resources */,
				4DCE3E1F1D2CD5A900584DCB /* Main.storyboard in Resources */,
			);
			runOnlyForDeploymentPostprocessing = 0;
		};
/* End PBXResourcesBuildPhase section */

/* Begin PBXSourcesBuildPhase section */
		4DCE3E0D1D2CD5A900584DCB /* Sources */ = {
			isa = PBXSourcesBuildPhase;
			buildActionMask = 2147483647;
			files = (
				4DCE3E1C1D2CD5A900584DCB /* ViewController.m in Sources */,
				4DCE3E411D2CD8C300584DCB /* DataTool.m in Sources */,
				4DCE3E3D1D2CD8B000584DCB /* FMDatabaseQueue.m in Sources */,
				4DCE3E191D2CD5A900584DCB /* AppDelegate.m in Sources */,
				4DCE3E161D2CD5A900584DCB /* main.m in Sources */,
				4DCE3E3A1D2CD8B000584DCB /* FMDatabase.m in Sources */,
				4DCE3E3C1D2CD8B000584DCB /* FMDatabasePool.m in Sources */,
				4DCE3E3E1D2CD8B000584DCB /* FMResultSet.m in Sources */,
				4DCE3E221D2CD5A900584DCB /* data.xcdatamodeld in Sources */,
				4DCE3E441D2CE30200584DCB /* PandianParam.m in Sources */,
				4DCE3E3B1D2CD8B000584DCB /* FMDatabaseAdditions.m in Sources */,
			);
			runOnlyForDeploymentPostprocessing = 0;
		};
/* End PBXSourcesBuildPhase section */

/* Begin PBXVariantGroup section */
		4DCE3E1D1D2CD5A900584DCB /* Main.storyboard */ = {
			isa = PBXVariantGroup;
			children = (
				4DCE3E1E1D2CD5A900584DCB /* Base */,
			);
			name = Main.storyboard;
			sourceTree = "<group>";
		};
		4DCE3E251D2CD5A900584DCB /* LaunchScreen.storyboard */ = {
			isa = PBXVariantGroup;
			children = (
				4DCE3E261D2CD5A900584DCB /* Base */,
			);
			name = LaunchScreen.storyboard;
			sourceTree = "<group>";
		};
/* End PBXVariantGroup section */

/* Begin XCBuildConfiguration section */
		4DCE3E291D2CD5A900584DCB /* Debug */ = {
			isa = XCBuildConfiguration;
			buildSettings = {
				ALWAYS_SEARCH_USER_PATHS = NO;
				CLANG_CXX_LANGUAGE_STANDARD = "gnu++0x";
				CLANG_CXX_LIBRARY = "libc++";
				CLANG_ENABLE_MODULES = YES;
				CLANG_ENABLE_OBJC_ARC = YES;
				CLANG_WARN_BOOL_CONVERSION = YES;
				CLANG_WARN_CONSTANT_CONVERSION = YES;
				CLANG_WARN_DIRECT_OBJC_ISA_USAGE = YES_ERROR;
				CLANG_WARN_EMPTY_BODY = YES;
				CLANG_WARN_ENUM_CONVERSION = YES;
				CLANG_WARN_INT_CONVERSION = YES;
				CLANG_WARN_OBJC_ROOT_CLASS = YES_ERROR;
				CLANG_WARN_UNREACHABLE_CODE = YES;
				CLANG_WARN__DUPLICATE_METHOD_MATCH = YES;
				"CODE_SIGN_IDENTITY[sdk=iphoneos*]" = "iPhone Developer";
				COPY_PHASE_STRIP = NO;
				DEBUG_INFORMATION_FORMAT = dwarf;
				ENABLE_STRICT_OBJC_MSGSEND = YES;
				ENABLE_TESTABILITY = YES;
				GCC_C_LANGUAGE_STANDARD = gnu99;
				GCC_DYNAMIC_NO_PIC = NO;
				GCC_NO_COMMON_BLOCKS = YES;
				GCC_OPTIMIZATION_LEVEL = 0;
				GCC_PREPROCESSOR_DEFINITIONS = (
					"DEBUG=1",
					"$(inherited)",
				);
				GCC_WARN_64_TO_32_BIT_CONVERSION = YES;
				GCC_WARN_ABOUT_RETURN_TYPE = YES_ERROR;
				GCC_WARN_UNDECLARED_SELECTOR = YES;
				GCC_WARN_UNINITIALIZED_AUTOS = YES_AGGRESSIVE;
				GCC_WARN_UNUSED_FUNCTION = YES;
				GCC_WARN_UNUSED_VARIABLE = YES;
				IPHONEOS_DEPLOYMENT_TARGET = 9.2;
				MTL_ENABLE_DEBUG_INFO = YES;
				ONLY_ACTIVE_ARCH = YES;
				SDKROOT = iphoneos;
			};
			name = Debug;
		};
		4DCE3E2A1D2CD5A900584DCB /* Release */ = {
			isa = XCBuildConfiguration;
			buildSettings = {
				ALWAYS_SEARCH_USER_PATHS = NO;
				CLANG_CXX_LANGUAGE_STANDARD = "gnu++0x";
				CLANG_CXX_LIBRARY = "libc++";
				CLANG_ENABLE_MODULES = YES;
				CLANG_ENABLE_OBJC_ARC = YES;
				CLANG_WARN_BOOL_CONVERSION = YES;
				CLANG_WARN_CONSTANT_CONVERSION = YES;
				CLANG_WARN_DIRECT_OBJC_ISA_USAGE = YES_ERROR;
				CLANG_WARN_EMPTY_BODY = YES;
				CLANG_WARN_ENUM_CONVERSION = YES;
				CLANG_WARN_INT_CONVERSION = YES;
				CLANG_WARN_OBJC_ROOT_CLASS = YES_ERROR;
				CLANG_WARN_UNREACHABLE_CODE = YES;
				CLANG_WARN__DUPLICATE_METHOD_MATCH = YES;
				"CODE_SIGN_IDENTITY[sdk=iphoneos*]" = "iPhone Developer";
				COPY_PHASE_STRIP = NO;
				DEBUG_INFORMATION_FORMAT = "dwarf-with-dsym";
				ENABLE_NS_ASSERTIONS = NO;
				ENABLE_STRICT_OBJC_MSGSEND = YES;
				GCC_C_LANGUAGE_STANDARD = gnu99;
				GCC_NO_COMMON_BLOCKS = YES;
				GCC_WARN_64_TO_32_BIT_CONVERSION = YES;
				GCC_WARN_ABOUT_RETURN_TYPE = YES_ERROR;
				GCC_WARN_UNDECLARED_SELECTOR = YES;
				GCC_WARN_UNINITIALIZED_AUTOS = YES_AGGRESSIVE;
				GCC_WARN_UNUSED_FUNCTION = YES;
				GCC_WARN_UNUSED_VARIABLE = YES;
				IPHONEOS_DEPLOYMENT_TARGET = 9.2;
				MTL_ENABLE_DEBUG_INFO = NO;
				SDKROOT = iphoneos;
				VALIDATE_PRODUCT = YES;
			};
			name = Release;
		};
		4DCE3E2C1D2CD5A900584DCB /* Debug */ = {
			isa = XCBuildConfiguration;
			buildSettings = {
				ASSETCATALOG_COMPILER_APPICON_NAME = AppIcon;
				INFOPLIST_FILE = data/Info.plist;
				LD_RUNPATH_SEARCH_PATHS = "$(inherited) @executable_path/Frameworks";
				PRODUCT_BUNDLE_IDENTIFIER = angewin.data;
				PRODUCT_NAME = "$(TARGET_NAME)";
			};
			name = Debug;
		};
		4DCE3E2D1D2CD5A900584DCB /* Release */ = {
			isa = XCBuildConfiguration;
			buildSettings = {
				ASSETCATALOG_COMPILER_APPICON_NAME = AppIcon;
				INFOPLIST_FILE = data/Info.plist;
				LD_RUNPATH_SEARCH_PATHS = "$(inherited) @executable_path/Frameworks";
				PRODUCT_BUNDLE_IDENTIFIER = angewin.data;
				PRODUCT_NAME = "$(TARGET_NAME)";
			};
			name = Release;
		};
/* End XCBuildConfiguration section */

/* Begin XCConfigurationList section */
		4DCE3E0C1D2CD5A900584DCB /* Build configuration list for PBXProject "data" */ = {
			isa = XCConfigurationList;
			buildConfigurations = (
				4DCE3E291D2CD5A900584DCB /* Debug */,
				4DCE3E2A1D2CD5A900584DCB /* Release */,
			);
			defaultConfigurationIsVisible = 0;
			defaultConfigurationName = Release;
		};
		4DCE3E2B1D2CD5A900584DCB /* Build configuration list for PBXNativeTarget "data" */ = {
			isa = XCConfigurationList;
			buildConfigurations = (
				4DCE3E2C1D2CD5A900584DCB /* Debug */,
				4DCE3E2D1D2CD5A900584DCB /* Release */,
			);
			defaultConfigurationIsVisible = 0;
		};
/* End XCConfigurationList section */

/* Begin XCVersionGroup section */
		4DCE3E201D2CD5A900584DCB /* data.xcdatamodeld */ = {
			isa = XCVersionGroup;
			children = (
				4DCE3E211D2CD5A900584DCB /* data.xcdatamodel */,
			);
			currentVersion = 4DCE3E211D2CD5A900584DCB /* data.xcdatamodel */;
			path = data.xcdatamodeld;
			sourceTree = "<group>";
			versionGroupType = wrapper.xcdatamodel;
		};
/* End XCVersionGroup section */
	};
	rootObject = 4DCE3E091D2CD5A900584DCB /* Project object */;
}
